
Microsoft Visual Studio Solution File, Format Version 12.00
# Visual Studio Version 17
VisualStudioVersion = 17.10.35122.118
MinimumVisualStudioVersion = 10.0.40219.1
Project("{FAE04EC0-301F-11D3-BF4B-00C04F79EFBC}") = "CountTimer", "CountTimer\CountTimer.csproj", "{E23E7FCF-1F0D-4ADA-8AD9-1289B5647193}"
EndProject
Global
	GlobalSection(SolutionConfigurationPlatforms) = preSolution
		Debug|Any CPU = Debug|Any CPU
		Release|Any CPU = Release|Any CPU
	EndGlobalSection
	GlobalSection(ProjectConfigurationPlatforms) = postSolution
		{E23E7FCF-1F0D-4ADA-8AD9-1289B5647193}.Debug|Any CPU.ActiveCfg = Debug|Any CPU
		{E23E7FCF-1F0D-4ADA-8AD9-1289B5647193}.Debug|Any CPU.Build.0 = Debug|Any CPU
		{E23E7FCF-1F0D-4ADA-8AD9-1289B5647193}.Release|Any CPU.ActiveCfg = Release|Any CPU
		{E23E7FCF-1F0D-4ADA-8AD9-1289B5647193}.Release|Any CPU.Build.0 = Release|Any CPU
	EndGlobalSection
	GlobalSection(SolutionProperties) = preSolution
		HideSolutionNode = FALSE
	EndGlobalSection
	GlobalSection(ExtensibilityGlobals) = postSolution
		SolutionGuid = {473A1EA4-742B-439E-8B36-52360B945152}
	EndGlobalSection
EndGlobal
